
Microsoft Visual Studio Solution File, Format Version 12.00
# Visual Studio Version 16
VisualStudioVersion = 16.0.30114.105
MinimumVisualStudioVersion = 10.0.40219.1
Project("{FAE04EC0-301F-11D3-BF4B-00C04F79EFBC}") = "DbExample", "DbExample\DbExample.csproj", "{C5B833C2-6B14-4AEE-B268-E317A6C36E11}"
EndProject
Project("{FAE04EC0-301F-11D3-BF4B-00C04F79EFBC}") = "Connections", "Connections\Connections.csproj", "{A12BA09B-FBEA-4D28-A133-CA88AA75CA02}"
EndProject
Global
	GlobalSection(SolutionConfigurationPlatforms) = preSolution
		Debug|Any CPU = Debug|Any CPU
		Release|Any CPU = Release|Any CPU
	EndGlobalSection
	GlobalSection(SolutionProperties) = preSolution
		HideSolutionNode = FALSE
	EndGlobalSection
	GlobalSection(ProjectConfigurationPlatforms) = postSolution
		{C5B833C2-6B14-4AEE-B268-E317A6C36E11}.Debug|Any CPU.ActiveCfg = Debug|Any CPU
		{C5B833C2-6B14-4AEE-B268-E317A6C36E11}.Debug|Any CPU.Build.0 = Debug|Any CPU
		{C5B833C2-6B14-4AEE-B268-E317A6C36E11}.Release|Any CPU.ActiveCfg = Release|Any CPU
		{C5B833C2-6B14-4AEE-B268-E317A6C36E11}.Release|Any CPU.Build.0 = Release|Any CPU
		{A12BA09B-FBEA-4D28-A133-CA88AA75CA02}.Debug|Any CPU.ActiveCfg = Debug|Any CPU
		{A12BA09B-FBEA-4D28-A133-CA88AA75CA02}.Debug|Any CPU.Build.0 = Debug|Any CPU
		{A12BA09B-FBEA-4D28-A133-CA88AA75CA02}.Release|Any CPU.ActiveCfg = Release|Any CPU
		{A12BA09B-FBEA-4D28-A133-CA88AA75CA02}.Release|Any CPU.Build.0 = Release|Any CPU
	EndGlobalSection
EndGlobal
